
Microsoft Visual Studio Solution File, Format Version 12.00
# Visual Studio 15
VisualStudioVersion = 15.0.25428.1
MinimumVisualStudioVersion = 10.0.40219.1
Project("{2150E333-8FDC-42A3-9474-1A3956D46DE8}") = "Solution Items", "Solution Items", "{038BF6E2-063F-41C0-A939-FA0970AAD4C9}"
	ProjectSection(SolutionItems) = preProject
		README.md = README.md
	EndProjectSection
EndProject
Project("{2150E333-8FDC-42A3-9474-1A3956D46DE8}") = "src", "src", "{CE67FF09-2F1F-475D-B5AD-99A5A713BECF}"
EndProject
Project("{2150E333-8FDC-42A3-9474-1A3956D46DE8}") = "tests", "tests", "{1BF98FF1-1E2D-45DA-9D96-FF1E18F51E7E}"
EndProject
Project("{FAE04EC0-301F-11D3-BF4B-00C04F79EFBC}") = "RGBLight", "src\RGBLight\RGBLight.csproj", "{F04F82E6-3096-4438-B637-9284F356A137}"
EndProject
Project("{FAE04EC0-301F-11D3-BF4B-00C04F79EFBC}") = "RGBLight.Services.Tests", "tests\RGBLight.Services.Tests\RGBLight.Services.Tests.csproj", "{DB364041-2F74-40A8-85FB-28E823AE8A47}"
EndProject
Project("{FAE04EC0-301F-11D3-BF4B-00C04F79EFBC}") = "RGBLight.Services", "src\RGBLight.Services\RGBLight.Services.csproj", "{CD334690-3683-4967-BEB1-7DE2E645B97D}"
EndProject
Project("{D954291E-2A0B-460D-934E-DC6B0785DB48}") = "RGBLight.Shared", "src\RGBLight.Shared\RGBLight.Shared.shproj", "{852912C2-9478-419C-9666-BC1E520029D4}"
EndProject
Global
	GlobalSection(SharedMSBuildProjectFiles) = preSolution
		src\RGBLight.Shared\RGBLight.Shared.projitems*{852912c2-9478-419c-9666-bc1e520029d4}*SharedItemsImports = 13
		src\RGBLight.Shared\RGBLight.Shared.projitems*{f04f82e6-3096-4438-b637-9284f356a137}*SharedItemsImports = 4
	EndGlobalSection
	GlobalSection(SolutionConfigurationPlatforms) = preSolution
		Debug|Any CPU = Debug|Any CPU
		Debug|ARM = Debug|ARM
		Debug|x64 = Debug|x64
		Debug|x86 = Debug|x86
		Release|Any CPU = Release|Any CPU
		Release|ARM = Release|ARM
		Release|x64 = Release|x64
		Release|x86 = Release|x86
	EndGlobalSection
	GlobalSection(ProjectConfigurationPlatforms) = postSolution
		{F04F82E6-3096-4438-B637-9284F356A137}.Debug|Any CPU.ActiveCfg = Debug|x86
		{F04F82E6-3096-4438-B637-9284F356A137}.Debug|ARM.ActiveCfg = Debug|ARM
		{F04F82E6-3096-4438-B637-9284F356A137}.Debug|ARM.Build.0 = Debug|ARM
		{F04F82E6-3096-4438-B637-9284F356A137}.Debug|ARM.Deploy.0 = Debug|ARM
		{F04F82E6-3096-4438-B637-9284F356A137}.Debug|x64.ActiveCfg = Debug|x64
		{F04F82E6-3096-4438-B637-9284F356A137}.Debug|x64.Build.0 = Debug|x64
		{F04F82E6-3096-4438-B637-9284F356A137}.Debug|x64.Deploy.0 = Debug|x64
		{F04F82E6-3096-4438-B637-9284F356A137}.Debug|x86.ActiveCfg = Debug|x86
		{F04F82E6-3096-4438-B637-9284F356A137}.Debug|x86.Build.0 = Debug|x86
		{F04F82E6-3096-4438-B637-9284F356A137}.Debug|x86.Deploy.0 = Debug|x86
		{F04F82E6-3096-4438-B637-9284F356A137}.Release|Any CPU.ActiveCfg = Release|x86
		{F04F82E6-3096-4438-B637-9284F356A137}.Release|ARM.ActiveCfg = Release|ARM
		{F04F82E6-3096-4438-B637-9284F356A137}.Release|ARM.Build.0 = Release|ARM
		{F04F82E6-3096-4438-B637-9284F356A137}.Release|ARM.Deploy.0 = Release|ARM
		{F04F82E6-3096-4438-B637-9284F356A137}.Release|x64.ActiveCfg = Release|x64
		{F04F82E6-3096-4438-B637-9284F356A137}.Release|x64.Build.0 = Release|x64
		{F04F82E6-3096-4438-B637-9284F356A137}.Release|x64.Deploy.0 = Release|x64
		{F04F82E6-3096-4438-B637-9284F356A137}.Release|x86.ActiveCfg = Release|x86
		{F04F82E6-3096-4438-B637-9284F356A137}.Release|x86.Build.0 = Release|x86
		{F04F82E6-3096-4438-B637-9284F356A137}.Release|x86.Deploy.0 = Release|x86
		{DB364041-2F74-40A8-85FB-28E823AE8A47}.Debug|Any CPU.ActiveCfg = Debug|Any CPU
		{DB364041-2F74-40A8-85FB-28E823AE8A47}.Debug|Any CPU.Build.0 = Debug|Any CPU
		{DB364041-2F74-40A8-85FB-28E823AE8A47}.Debug|ARM.ActiveCfg = Debug|Any CPU
		{DB364041-2F74-40A8-85FB-28E823AE8A47}.Debug|ARM.Build.0 = Debug|Any CPU
		{DB364041-2F74-40A8-85FB-28E823AE8A47}.Debug|x64.ActiveCfg = Debug|Any CPU
		{DB364041-2F74-40A8-85FB-28E823AE8A47}.Debug|x64.Build.0 = Debug|Any CPU
		{DB364041-2F74-40A8-85FB-28E823AE8A47}.Debug|x86.ActiveCfg = Debug|Any CPU
		{DB364041-2F74-40A8-85FB-28E823AE8A47}.Debug|x86.Build.0 = Debug|Any CPU
		{DB364041-2F74-40A8-85FB-28E823AE8A47}.Release|Any CPU.ActiveCfg = Release|Any CPU
		{DB364041-2F74-40A8-85FB-28E823AE8A47}.Release|Any CPU.Build.0 = Release|Any CPU
		{DB364041-2F74-40A8-85FB-28E823AE8A47}.Release|ARM.ActiveCfg = Release|Any CPU
		{DB364041-2F74-40A8-85FB-28E823AE8A47}.Release|ARM.Build.0 = Release|Any CPU
		{DB364041-2F74-40A8-85FB-28E823AE8A47}.Release|x64.ActiveCfg = Release|Any CPU
		{DB364041-2F74-40A8-85FB-28E823AE8A47}.Release|x64.Build.0 = Release|Any CPU
		{DB364041-2F74-40A8-85FB-28E823AE8A47}.Release|x86.ActiveCfg = Release|Any CPU
		{DB364041-2F74-40A8-85FB-28E823AE8A47}.Release|x86.Build.0 = Release|Any CPU
		{CD334690-3683-4967-BEB1-7DE2E645B97D}.Debug|Any CPU.ActiveCfg = Debug|Any CPU
		{CD334690-3683-4967-BEB1-7DE2E645B97D}.Debug|Any CPU.Build.0 = Debug|Any CPU
		{CD334690-3683-4967-BEB1-7DE2E645B97D}.Debug|ARM.ActiveCfg = Debug|Any CPU
		{CD334690-3683-4967-BEB1-7DE2E645B97D}.Debug|ARM.Build.0 = Debug|Any CPU
		{CD334690-3683-4967-BEB1-7DE2E645B97D}.Debug|x64.ActiveCfg = Debug|Any CPU
		{CD334690-3683-4967-BEB1-7DE2E645B97D}.Debug|x64.Build.0 = Debug|Any CPU
		{CD334690-3683-4967-BEB1-7DE2E645B97D}.Debug|x86.ActiveCfg = Debug|Any CPU
		{CD334690-3683-4967-BEB1-7DE2E645B97D}.Debug|x86.Build.0 = Debug|Any CPU
		{CD334690-3683-4967-BEB1-7DE2E645B97D}.Release|Any CPU.ActiveCfg = Release|Any CPU
		{CD334690-3683-4967-BEB1-7DE2E645B97D}.Release|Any CPU.Build.0 = Release|Any CPU
		{CD334690-3683-4967-BEB1-7DE2E645B97D}.Release|ARM.ActiveCfg = Release|Any CPU
		{CD334690-3683-4967-BEB1-7DE2E645B97D}.Release|ARM.Build.0 = Release|Any CPU
		{CD334690-3683-4967-BEB1-7DE2E645B97D}.Release|x64.ActiveCfg = Release|Any CPU
		{CD334690-3683-4967-BEB1-7DE2E645B97D}.Release|x64.Build.0 = Release|Any CPU
		{CD334690-3683-4967-BEB1-7DE2E645B97D}.Release|x86.ActiveCfg = Release|Any CPU
		{CD334690-3683-4967-BEB1-7DE2E645B97D}.Release|x86.Build.0 = Release|Any CPU
	EndGlobalSection
	GlobalSection(SolutionProperties) = preSolution
		HideSolutionNode = FALSE
	EndGlobalSection
	GlobalSection(NestedProjects) = preSolution
		{F04F82E6-3096-4438-B637-9284F356A137} = {CE67FF09-2F1F-475D-B5AD-99A5A713BECF}
		{DB364041-2F74-40A8-85FB-28E823AE8A47} = {1BF98FF1-1E2D-45DA-9D96-FF1E18F51E7E}
		{CD334690-3683-4967-BEB1-7DE2E645B97D} = {CE67FF09-2F1F-475D-B5AD-99A5A713BECF}
		{852912C2-9478-419C-9666-BC1E520029D4} = {CE67FF09-2F1F-475D-B5AD-99A5A713BECF}
	EndGlobalSection
EndGlobal
